{
  "name": "cp-virava-angular-helper",
  "version": "0.0.1",
  "lockfileVersion": 3,
  "requires": true,
  "packages": {
    "": {
      "name": "cp-virava-angular-helper",
      "version": "0.0.1",
      "dependencies": {
        "tslib": "^2.3.0"
      },
      "peerDependencies": {
        "@angular/common": "^15.2.0",
        "@angular/core": "^15.2.0",
        "cp-lht-spinner": "^0.0.11",
        "virava": "^1.4.0"
      }
    },
    "node_modules/@angular/cdk": {
      "version": "15.2.9",
      "resolved": "https://registry.npmjs.org/@angular/cdk/-/cdk-15.2.9.tgz",
      "integrity": "sha512-koaM07N1AIQ5oHU27l0/FoQSSoYAwlAYwVZ4Di3bYrJsTBNCN2Xsby7wI8gZxdepMnV4Fe9si382BDBov+oO4Q==",
      "peer": true,
      "dependencies": {
        "tslib": "^2.3.0"
      },
      "optionalDependencies": {
        "parse5": "^7.1.2"
      },
      "peerDependencies": {
        "@angular/common": "^15.0.0 || ^16.0.0",
        "@angular/core": "^15.0.0 || ^16.0.0",
        "rxjs": "^6.5.3 || ^7.4.0"
      }
    },
    "node_modules/@angular/common": {
      "version": "15.2.10",
      "resolved": "https://registry.npmjs.org/@angular/common/-/common-15.2.10.tgz",
      "integrity": "sha512-jdBn3fctkqoNrJn9VLsUHpcCEhCxWSczdsR+BBbD6T0oLl6vMrAVNjPwfBejnlgfWN1KoRU9kgOYsMxa5apIWQ==",
      "peer": true,
      "dependencies": {
        "tslib": "^2.3.0"
      },
      "engines": {
        "node": "^14.20.0 || ^16.13.0 || >=18.10.0"
      },
      "peerDependencies": {
        "@angular/core": "15.2.10",
        "rxjs": "^6.5.3 || ^7.4.0"
      }
    },
    "node_modules/@angular/core": {
      "version": "15.2.10",
      "resolved": "https://registry.npmjs.org/@angular/core/-/core-15.2.10.tgz",
      "integrity": "sha512-meGGidnitQJGDxYd9/LrqYiVlId+vGaLoiLgJdKBz+o2ZO6OmXQGuNw2VBqf17/Cc0/UjzrOY7+kILNFKkk/WQ==",
      "peer": true,
      "dependencies": {
        "tslib": "^2.3.0"
      },
      "engines": {
        "node": "^14.20.0 || ^16.13.0 || >=18.10.0"
      },
      "peerDependencies": {
        "rxjs": "^6.5.3 || ^7.4.0",
        "zone.js": "~0.11.4 || ~0.12.0 || ~0.13.0"
      }
    },
    "node_modules/base64-js": {
      "version": "1.5.1",
      "resolved": "https://registry.npmjs.org/base64-js/-/base64-js-1.5.1.tgz",
      "integrity": "sha512-AKpaYlHn8t4SVbOHCy+b5+KKgvR4vrsD8vbvrbiQJps7fKDTkjkDry6ji0rUJjC0kzbNePLwzxq8iypo41qeWA==",
      "funding": [
        {
          "type": "github",
          "url": "https://github.com/sponsors/feross"
        },
        {
          "type": "patreon",
          "url": "https://www.patreon.com/feross"
        },
        {
          "type": "consulting",
          "url": "https://feross.org/support"
        }
      ],
      "peer": true
    },
    "node_modules/cp-lht-spinner": {
      "version": "0.0.11",
      "resolved": "https://registry.npmjs.org/cp-lht-spinner/-/cp-lht-spinner-0.0.11.tgz",
      "integrity": "sha512-VRp8HfgE/BlZl3vKK3EzVRC1oUJ6lFP1i8VnggAOYHgbhrDkoVHTc6pA8KoDuWJL2RX5RDuAwWxIHf+RWCcCkw==",
      "peer": true,
      "dependencies": {
        "tslib": "^2.3.0"
      },
      "peerDependencies": {
        "@angular/cdk": "^15.0.0",
        "@angular/common": "^15.0.0",
        "@angular/core": "^15.0.0"
      }
    },
    "node_modules/entities": {
      "version": "4.5.0",
      "resolved": "https://registry.npmjs.org/entities/-/entities-4.5.0.tgz",
      "integrity": "sha512-V0hjH4dGPh9Ao5p0MoRY6BVqtwCjhz6vI5LT8AJ55H+4g9/4vbHx1I54fS0XuclLhDHArPQCiMjDxjaL8fPxhw==",
      "optional": true,
      "peer": true,
      "engines": {
        "node": ">=0.12"
      },
      "funding": {
        "url": "https://github.com/fb55/entities?sponsor=1"
      }
    },
    "node_modules/form-urlencoded": {
      "version": "6.1.4",
      "resolved": "https://registry.npmjs.org/form-urlencoded/-/form-urlencoded-6.1.4.tgz",
      "integrity": "sha512-vDFWgogZ04th20oxQtDSF8CDjrBgAPtP1V+W3kZni5IZqyasDDVNqCQGOXfYlmOJj0zpROgiAtPJXCmidtxDTQ==",
      "peer": true
    },
    "node_modules/js-sha256": {
      "version": "0.9.0",
      "resolved": "https://registry.npmjs.org/js-sha256/-/js-sha256-0.9.0.tgz",
      "integrity": "sha512-sga3MHh9sgQN2+pJ9VYZ+1LPwXOxuBJBA5nrR5/ofPfuiJBE2hnjsaN8se8JznOmGLN2p49Pe5U/ttafcs/apA==",
      "peer": true
    },
    "node_modules/keycloak-js": {
      "version": "20.0.5",
      "resolved": "https://registry.npmjs.org/keycloak-js/-/keycloak-js-20.0.5.tgz",
      "integrity": "sha512-7+M5Uni4oNlAmbjM/lDJzFHu2+PGqU6/bvmTBuQssE1fJ7ZyNeCRHgFoaVfFpIU3m6aAFwPUko4lVcn4kPXP5Q==",
      "peer": true,
      "dependencies": {
        "base64-js": "^1.5.1",
        "js-sha256": "^0.9.0"
      }
    },
    "node_modules/parse5": {
      "version": "7.1.2",
      "resolved": "https://registry.npmjs.org/parse5/-/parse5-7.1.2.tgz",
      "integrity": "sha512-Czj1WaSVpaoj0wbhMzLmWD69anp2WH7FXMB9n1Sy8/ZFF9jolSQVMu1Ij5WIyGmcBmhk7EOndpO4mIpihVqAXw==",
      "optional": true,
      "peer": true,
      "dependencies": {
        "entities": "^4.4.0"
      },
      "funding": {
        "url": "https://github.com/inikulin/parse5?sponsor=1"
      }
    },
    "node_modules/rxjs": {
      "version": "7.8.1",
      "resolved": "https://registry.npmjs.org/rxjs/-/rxjs-7.8.1.tgz",
      "integrity": "sha512-AA3TVj+0A2iuIoQkWEK/tqFjBq2j+6PO6Y0zJcvzLAFhEFIO3HL0vls9hWLncZbAAbK0mar7oZ4V079I/qPMxg==",
      "peer": true,
      "dependencies": {
        "tslib": "^2.1.0"
      }
    },
    "node_modules/tslib": {
      "version": "2.6.2",
      "resolved": "https://registry.npmjs.org/tslib/-/tslib-2.6.2.tgz",
      "integrity": "sha512-AEYxH93jGFPn/a2iVAwW87VuUIkR1FVUKB77NwMF7nBTDkDrrT/Hpt/IrCJ0QXhW27jTBDcf5ZY7w6RiqTMw2Q=="
    },
    "node_modules/typescript": {
      "version": "4.9.5",
      "resolved": "https://registry.npmjs.org/typescript/-/typescript-4.9.5.tgz",
      "integrity": "sha512-1FXk9E2Hm+QzZQ7z+McJiHL4NW1F2EzMu9Nq9i3zAaGqibafqYwCVU6WyWAuyQRRzOlxou8xZSyXLEN8oKj24g==",
      "peer": true,
      "bin": {
        "tsc": "bin/tsc",
        "tsserver": "bin/tsserver"
      },
      "engines": {
        "node": ">=4.2.0"
      }
    },
    "node_modules/virava": {
      "version": "1.4.0",
      "resolved": "https://registry.npmjs.org/virava/-/virava-1.4.0.tgz",
      "integrity": "sha512-KqhqpYNygp0GP656qMWPZ+Wjd6D0ZteSdn+RBq0sY+tH6blVakx44KW4rk63bdCov55Clbow0jmzHkI5hg2N8w==",
      "peer": true,
      "dependencies": {
        "form-urlencoded": "^6.0.5",
        "keycloak-js": "^20.0.1",
        "typescript": "^4.4.4"
      }
    },
    "node_modules/zone.js": {
      "version": "0.13.3",
      "resolved": "https://registry.npmjs.org/zone.js/-/zone.js-0.13.3.tgz",
      "integrity": "sha512-MKPbmZie6fASC/ps4dkmIhaT5eonHkEt6eAy80K42tAm0G2W+AahLJjbfi6X9NPdciOE9GRFTTM8u2IiF6O3ww==",
      "peer": true,
      "dependencies": {
        "tslib": "^2.3.0"
      }
    }
  }
}
